
Microsoft Visual Studio Solution File, Format Version 12.00
Project("{FAE04EC0-301F-11D3-BF4B-00C04F79EFBC}") = "SpecFlowProjectCoinMarketCap", "SpecFlowProjectCoinMarketCap.csproj", "{F5980889-30E4-422A-892A-AF5EA0272EAB}"
EndProject
Global
	GlobalSection(SolutionConfigurationPlatforms) = preSolution
		Debug|Any CPU = Debug|Any CPU
		Release|Any CPU = Release|Any CPU
	EndGlobalSection
	GlobalSection(ProjectConfigurationPlatforms) = postSolution
		{F5980889-30E4-422A-892A-AF5EA0272EAB}.Debug|Any CPU.ActiveCfg = Debug|Any CPU
		{F5980889-30E4-422A-892A-AF5EA0272EAB}.Debug|Any CPU.Build.0 = Debug|Any CPU
		{F5980889-30E4-422A-892A-AF5EA0272EAB}.Release|Any CPU.ActiveCfg = Release|Any CPU
		{F5980889-30E4-422A-892A-AF5EA0272EAB}.Release|Any CPU.Build.0 = Release|Any CPU
	EndGlobalSection
EndGlobal
